
Microsoft Visual Studio Solution File, Format Version 12.00
# Visual Studio Version 17
VisualStudioVersion = 17.0.31903.59
MinimumVisualStudioVersion = 10.0.40219.1
Project("{FAE04EC0-301F-11D3-BF4B-00C04F79EFBC}") = "5_CaracteresETexto", "05_CaracteresETexto\5_CaracteresETexto.csproj", "{44B1AEA2-090F-4EBD-8C64-A4A323E3613D}"
EndProject
Project("{FAE04EC0-301F-11D3-BF4B-00C04F79EFBC}") = "6_AtribuicaoDeVariaveis", "06_AtribuicaoDeVariaveis\6_AtribuicaoDeVariaveis.csproj", "{98CC6357-2079-4AB4-8FBC-C7981CFAFBF1}"
EndProject
Project("{FAE04EC0-301F-11D3-BF4B-00C04F79EFBC}") = "7_Condicionais", "07_Condicionais\7_Condicionais.csproj", "{FB489EB6-1A65-44AC-9063-F262C8C2A61A}"
EndProject
Project("{FAE04EC0-301F-11D3-BF4B-00C04F79EFBC}") = "8_Condicionais_2", "08_Condicionais_2\8_Condicionais_2.csproj", "{8808ED9F-E3F3-485A-8828-F84B99561A14}"
EndProject
Project("{FAE04EC0-301F-11D3-BF4B-00C04F79EFBC}") = "9_Escopo", "09_Escopo\9_Escopo.csproj", "{4625AECC-C8E6-4654-904C-5FDD933C6EB3}"
EndProject
Project("{FAE04EC0-301F-11D3-BF4B-00C04F79EFBC}") = "10_LoopWhile", "10_LoopWhile\10_LoopWhile.csproj", "{D44027C9-0D4E-44FD-BE51-BD94386A3E5A}"
EndProject
Project("{FAE04EC0-301F-11D3-BF4B-00C04F79EFBC}") = "11_LoopFor", "11_LoopFor\11_LoopFor.csproj", "{328D4C81-0C78-4746-A6A0-6D51AEDB6A2D}"
EndProject
Project("{FAE04EC0-301F-11D3-BF4B-00C04F79EFBC}") = "10_Ex_AliquotaComIfs", "Ex01_AliquotaComIfs\10_Ex_AliquotaComIfs.csproj", "{43ADF334-47C4-489E-BD3E-0EC8D8EC822C}"
EndProject
Project("{FAE04EC0-301F-11D3-BF4B-00C04F79EFBC}") = "Ex02_ContaAteDez", "Ex02_ContaAteDez\Ex02_ContaAteDez.csproj", "{FAD46406-D5BC-4E09-A01C-5EDB46923DF6}"
EndProject
Global
	GlobalSection(SolutionConfigurationPlatforms) = preSolution
		Debug|Any CPU = Debug|Any CPU
		Release|Any CPU = Release|Any CPU
	EndGlobalSection
	GlobalSection(SolutionProperties) = preSolution
		HideSolutionNode = FALSE
	EndGlobalSection
	GlobalSection(ProjectConfigurationPlatforms) = postSolution
		{44B1AEA2-090F-4EBD-8C64-A4A323E3613D}.Debug|Any CPU.ActiveCfg = Debug|Any CPU
		{44B1AEA2-090F-4EBD-8C64-A4A323E3613D}.Debug|Any CPU.Build.0 = Debug|Any CPU
		{44B1AEA2-090F-4EBD-8C64-A4A323E3613D}.Release|Any CPU.ActiveCfg = Release|Any CPU
		{44B1AEA2-090F-4EBD-8C64-A4A323E3613D}.Release|Any CPU.Build.0 = Release|Any CPU
		{98CC6357-2079-4AB4-8FBC-C7981CFAFBF1}.Debug|Any CPU.ActiveCfg = Debug|Any CPU
		{98CC6357-2079-4AB4-8FBC-C7981CFAFBF1}.Debug|Any CPU.Build.0 = Debug|Any CPU
		{98CC6357-2079-4AB4-8FBC-C7981CFAFBF1}.Release|Any CPU.ActiveCfg = Release|Any CPU
		{98CC6357-2079-4AB4-8FBC-C7981CFAFBF1}.Release|Any CPU.Build.0 = Release|Any CPU
		{FB489EB6-1A65-44AC-9063-F262C8C2A61A}.Debug|Any CPU.ActiveCfg = Debug|Any CPU
		{FB489EB6-1A65-44AC-9063-F262C8C2A61A}.Debug|Any CPU.Build.0 = Debug|Any CPU
		{FB489EB6-1A65-44AC-9063-F262C8C2A61A}.Release|Any CPU.ActiveCfg = Release|Any CPU
		{FB489EB6-1A65-44AC-9063-F262C8C2A61A}.Release|Any CPU.Build.0 = Release|Any CPU
		{8808ED9F-E3F3-485A-8828-F84B99561A14}.Debug|Any CPU.ActiveCfg = Debug|Any CPU
		{8808ED9F-E3F3-485A-8828-F84B99561A14}.Debug|Any CPU.Build.0 = Debug|Any CPU
		{8808ED9F-E3F3-485A-8828-F84B99561A14}.Release|Any CPU.ActiveCfg = Release|Any CPU
		{8808ED9F-E3F3-485A-8828-F84B99561A14}.Release|Any CPU.Build.0 = Release|Any CPU
		{4625AECC-C8E6-4654-904C-5FDD933C6EB3}.Debug|Any CPU.ActiveCfg = Debug|Any CPU
		{4625AECC-C8E6-4654-904C-5FDD933C6EB3}.Debug|Any CPU.Build.0 = Debug|Any CPU
		{4625AECC-C8E6-4654-904C-5FDD933C6EB3}.Release|Any CPU.ActiveCfg = Release|Any CPU
		{4625AECC-C8E6-4654-904C-5FDD933C6EB3}.Release|Any CPU.Build.0 = Release|Any CPU
		{D44027C9-0D4E-44FD-BE51-BD94386A3E5A}.Debug|Any CPU.ActiveCfg = Debug|Any CPU
		{D44027C9-0D4E-44FD-BE51-BD94386A3E5A}.Debug|Any CPU.Build.0 = Debug|Any CPU
		{D44027C9-0D4E-44FD-BE51-BD94386A3E5A}.Release|Any CPU.ActiveCfg = Release|Any CPU
		{D44027C9-0D4E-44FD-BE51-BD94386A3E5A}.Release|Any CPU.Build.0 = Release|Any CPU
		{328D4C81-0C78-4746-A6A0-6D51AEDB6A2D}.Debug|Any CPU.ActiveCfg = Debug|Any CPU
		{328D4C81-0C78-4746-A6A0-6D51AEDB6A2D}.Debug|Any CPU.Build.0 = Debug|Any CPU
		{328D4C81-0C78-4746-A6A0-6D51AEDB6A2D}.Release|Any CPU.ActiveCfg = Release|Any CPU
		{328D4C81-0C78-4746-A6A0-6D51AEDB6A2D}.Release|Any CPU.Build.0 = Release|Any CPU
		{43ADF334-47C4-489E-BD3E-0EC8D8EC822C}.Debug|Any CPU.ActiveCfg = Debug|Any CPU
		{43ADF334-47C4-489E-BD3E-0EC8D8EC822C}.Debug|Any CPU.Build.0 = Debug|Any CPU
		{43ADF334-47C4-489E-BD3E-0EC8D8EC822C}.Release|Any CPU.ActiveCfg = Release|Any CPU
		{43ADF334-47C4-489E-BD3E-0EC8D8EC822C}.Release|Any CPU.Build.0 = Release|Any CPU
		{FAD46406-D5BC-4E09-A01C-5EDB46923DF6}.Debug|Any CPU.ActiveCfg = Debug|Any CPU
		{FAD46406-D5BC-4E09-A01C-5EDB46923DF6}.Debug|Any CPU.Build.0 = Debug|Any CPU
		{FAD46406-D5BC-4E09-A01C-5EDB46923DF6}.Release|Any CPU.ActiveCfg = Release|Any CPU
		{FAD46406-D5BC-4E09-A01C-5EDB46923DF6}.Release|Any CPU.Build.0 = Release|Any CPU
	EndGlobalSection
EndGlobal
